
Microsoft Visual Studio Solution File, Format Version 12.00
# Visual Studio Version 17
VisualStudioVersion = 17.4.33213.308
MinimumVisualStudioVersion = 10.0.40219.1
Project("{FAE04EC0-301F-11D3-BF4B-00C04F79EFBC}") = "UnemploymentMonitor", "UnemploymentMonitor\UnemploymentMonitor.csproj", "{8C12F7F9-DA29-4EC3-94E6-1453E5D74102}"
EndProject
Global
	GlobalSection(SolutionConfigurationPlatforms) = preSolution
		Debug|Any CPU = Debug|Any CPU
		Release|Any CPU = Release|Any CPU
	EndGlobalSection
	GlobalSection(ProjectConfigurationPlatforms) = postSolution
		{8C12F7F9-DA29-4EC3-94E6-1453E5D74102}.Debug|Any CPU.ActiveCfg = Debug|Any CPU
		{8C12F7F9-DA29-4EC3-94E6-1453E5D74102}.Debug|Any CPU.Build.0 = Debug|Any CPU
		{8C12F7F9-DA29-4EC3-94E6-1453E5D74102}.Release|Any CPU.ActiveCfg = Release|Any CPU
		{8C12F7F9-DA29-4EC3-94E6-1453E5D74102}.Release|Any CPU.Build.0 = Release|Any CPU
	EndGlobalSection
	GlobalSection(SolutionProperties) = preSolution
		HideSolutionNode = FALSE
	EndGlobalSection
	GlobalSection(ExtensibilityGlobals) = postSolution
		SolutionGuid = {49072050-E022-4011-A284-9C04F25560F3}
	EndGlobalSection
EndGlobal
